
Microsoft Visual Studio Solution File, Format Version 12.00
# Visual Studio Version 17
VisualStudioVersion = 17.6.33723.286
MinimumVisualStudioVersion = 10.0.40219.1
Project("{FAE04EC0-301F-11D3-BF4B-00C04F79EFBC}") = "WebApplication1", "WebApplication1.csproj", "{48F3D42E-F0EC-4981-8879-93B6AFC526A9}"
EndProject
Global
	GlobalSection(SolutionConfigurationPlatforms) = preSolution
		Debug|Any CPU = Debug|Any CPU
		Release|Any CPU = Release|Any CPU
	EndGlobalSection
	GlobalSection(ProjectConfigurationPlatforms) = postSolution
		{48F3D42E-F0EC-4981-8879-93B6AFC526A9}.Debug|Any CPU.ActiveCfg = Debug|Any CPU
		{48F3D42E-F0EC-4981-8879-93B6AFC526A9}.Debug|Any CPU.Build.0 = Debug|Any CPU
		{48F3D42E-F0EC-4981-8879-93B6AFC526A9}.Release|Any CPU.ActiveCfg = Release|Any CPU
		{48F3D42E-F0EC-4981-8879-93B6AFC526A9}.Release|Any CPU.Build.0 = Release|Any CPU
	EndGlobalSection
	GlobalSection(SolutionProperties) = preSolution
		HideSolutionNode = FALSE
	EndGlobalSection
	GlobalSection(ExtensibilityGlobals) = postSolution
		SolutionGuid = {4FAD69FC-F36A-4A4D-B9C1-10F6CF453EA3}
	EndGlobalSection
EndGlobal
